
Microsoft Visual Studio Solution File, Format Version 12.00
# Visual Studio Version 16
VisualStudioVersion = 16.0.30621.155
MinimumVisualStudioVersion = 10.0.40219.1
Project("{9A19103F-16F7-4668-BE54-9A1E7A4F7556}") = "test_newS", "test_newS\test_newS.csproj", "{2FD11B26-5995-43C2-9BDB-6DB0A2F9B57E}"
EndProject
Project("{FAE04EC0-301F-11D3-BF4B-00C04F79EFBC}") = "Application", "Application\Application.csproj", "{266289A0-FCEC-455D-ABB5-C69960E1849D}"
EndProject
Project("{FAE04EC0-301F-11D3-BF4B-00C04F79EFBC}") = "Domain", "Domain\Domain.csproj", "{DBB3A2E8-66A4-4AB8-AAA4-62E5DEB9E390}"
EndProject
Global
	GlobalSection(SolutionConfigurationPlatforms) = preSolution
		Debug|Any CPU = Debug|Any CPU
		Release|Any CPU = Release|Any CPU
	EndGlobalSection
	GlobalSection(ProjectConfigurationPlatforms) = postSolution
		{2FD11B26-5995-43C2-9BDB-6DB0A2F9B57E}.Debug|Any CPU.ActiveCfg = Debug|Any CPU
		{2FD11B26-5995-43C2-9BDB-6DB0A2F9B57E}.Debug|Any CPU.Build.0 = Debug|Any CPU
		{2FD11B26-5995-43C2-9BDB-6DB0A2F9B57E}.Release|Any CPU.ActiveCfg = Release|Any CPU
		{2FD11B26-5995-43C2-9BDB-6DB0A2F9B57E}.Release|Any CPU.Build.0 = Release|Any CPU
		{266289A0-FCEC-455D-ABB5-C69960E1849D}.Debug|Any CPU.ActiveCfg = Debug|Any CPU
		{266289A0-FCEC-455D-ABB5-C69960E1849D}.Debug|Any CPU.Build.0 = Debug|Any CPU
		{266289A0-FCEC-455D-ABB5-C69960E1849D}.Release|Any CPU.ActiveCfg = Release|Any CPU
		{266289A0-FCEC-455D-ABB5-C69960E1849D}.Release|Any CPU.Build.0 = Release|Any CPU
		{DBB3A2E8-66A4-4AB8-AAA4-62E5DEB9E390}.Debug|Any CPU.ActiveCfg = Debug|Any CPU
		{DBB3A2E8-66A4-4AB8-AAA4-62E5DEB9E390}.Debug|Any CPU.Build.0 = Debug|Any CPU
		{DBB3A2E8-66A4-4AB8-AAA4-62E5DEB9E390}.Release|Any CPU.ActiveCfg = Release|Any CPU
		{DBB3A2E8-66A4-4AB8-AAA4-62E5DEB9E390}.Release|Any CPU.Build.0 = Release|Any CPU
	EndGlobalSection
	GlobalSection(SolutionProperties) = preSolution
		HideSolutionNode = FALSE
	EndGlobalSection
	GlobalSection(ExtensibilityGlobals) = postSolution
		SolutionGuid = {422A251D-3CB8-480B-851F-3F48A2F93529}
	EndGlobalSection
EndGlobal
